// !$*UTF8*$!
{
	archiveVersion = 1;
	classes = {
	};
	objectVersion = 56;
	objects = {

/* Begin PBXBuildFile section */
		744C9AB92A7D8F1700E31EB7 /* ClubDistanceRowView.swift in Sources */ = {isa = PBXBuildFile; fileRef = 744C9AB82A7D8F1700E31EB7 /* ClubDistanceRowView.swift */; };
		744C9ABB2A7DBC7F00E31EB7 /* ColorExtension.swift in Sources */ = {isa = PBXBuildFile; fileRef = 744C9ABA2A7DBC7F00E31EB7 /* ColorExtension.swift */; };
		744C9AC52A80628500E31EB7 /* DataController.swift in Sources */ = {isa = PBXBuildFile; fileRef = 744C9AC42A80628500E31EB7 /* DataController.swift */; };
		744C9AC82A80872E00E31EB7 /* Golf_Distance_Tracker.xcdatamodeld in Sources */ = {isa = PBXBuildFile; fileRef = 744C9AC62A80872E00E31EB7 /* Golf_Distance_Tracker.xcdatamodeld */; };
		74935C872B3F63C100F5F031 /* ClubDetailManager.swift in Sources */ = {isa = PBXBuildFile; fileRef = 74935C862B3F63C100F5F031 /* ClubDetailManager.swift */; };
		749DB7752A9E81F40057A4A8 /* preLoadedData.json in Resources */ = {isa = PBXBuildFile; fileRef = 749DB7742A9E81F40057A4A8 /* preLoadedData.json */; };
		749DB77A2A9E85B00057A4A8 /* DataNetworkManager.swift in Sources */ = {isa = PBXBuildFile; fileRef = 749DB7792A9E85B00057A4A8 /* DataNetworkManager.swift */; };
		74AD56B82B954AAC00028B54 /* CarryDistanceGaugeView.swift in Sources */ = {isa = PBXBuildFile; fileRef = 74AD56B72B954AAC00028B54 /* CarryDistanceGaugeView.swift */; };
		74AE46BC2A7BE1E700EF5C6F /* GolfDistanceTrackerApp.swift in Sources */ = {isa = PBXBuildFile; fileRef = 74AE46BB2A7BE1E700EF5C6F /* GolfDistanceTrackerApp.swift */; };
		74AE46BE2A7BE1E700EF5C6F /* ContentView.swift in Sources */ = {isa = PBXBuildFile; fileRef = 74AE46BD2A7BE1E700EF5C6F /* ContentView.swift */; };
		74AE46C02A7BE1E800EF5C6F /* Assets.xcassets in Resources */ = {isa = PBXBuildFile; fileRef = 74AE46BF2A7BE1E800EF5C6F /* Assets.xcassets */; };
		74AE46C32A7BE1E800EF5C6F /* Preview Assets.xcassets in Resources */ = {isa = PBXBuildFile; fileRef = 74AE46C22A7BE1E800EF5C6F /* Preview Assets.xcassets */; };
		74AE46CA2A7BE6DA00EF5C6F /* ClubDetailsView.swift in Sources */ = {isa = PBXBuildFile; fileRef = 74AE46C92A7BE6DA00EF5C6F /* ClubDetailsView.swift */; };
		74CFCDA42C0A364400BF1454 /* AddClubView.swift in Sources */ = {isa = PBXBuildFile; fileRef = 74CFCDA32C0A364400BF1454 /* AddClubView.swift */; };
		74F58C732B7844EC00BE9FF5 /* Tip.swift in Sources */ = {isa = PBXBuildFile; fileRef = 74F58C722B7844EC00BE9FF5 /* Tip.swift */; };
/* End PBXBuildFile section */

/* Begin PBXFileReference section */
		744C9AB82A7D8F1700E31EB7 /* ClubDistanceRowView.swift */ = {isa = PBXFileReference; lastKnownFileType = sourcecode.swift; path = ClubDistanceRowView.swift; sourceTree = "<group>"; };
		744C9ABA2A7DBC7F00E31EB7 /* ColorExtension.swift */ = {isa = PBXFileReference; lastKnownFileType = sourcecode.swift; path = ColorExtension.swift; sourceTree = "<group>"; };
		744C9AC42A80628500E31EB7 /* DataController.swift */ = {isa = PBXFileReference; lastKnownFileType = sourcecode.swift; path = DataController.swift; sourceTree = "<group>"; };
		744C9AC72A80872E00E31EB7 /* Golf_Distance_Tracker.xcdatamodel */ = {isa = PBXFileReference; lastKnownFileType = wrapper.xcdatamodel; path = Golf_Distance_Tracker.xcdatamodel; sourceTree = "<group>"; };
		74935C862B3F63C100F5F031 /* ClubDetailManager.swift */ = {isa = PBXFileReference; lastKnownFileType = sourcecode.swift; path = ClubDetailManager.swift; sourceTree = "<group>"; };
		749DB7742A9E81F40057A4A8 /* preLoadedData.json */ = {isa = PBXFileReference; lastKnownFileType = text.json; path = preLoadedData.json; sourceTree = "<group>"; };
		749DB7792A9E85B00057A4A8 /* DataNetworkManager.swift */ = {isa = PBXFileReference; lastKnownFileType = sourcecode.swift; path = DataNetworkManager.swift; sourceTree = "<group>"; };
		74AD56B72B954AAC00028B54 /* CarryDistanceGaugeView.swift */ = {isa = PBXFileReference; lastKnownFileType = sourcecode.swift; path = CarryDistanceGaugeView.swift; sourceTree = "<group>"; };
		74AE46B82A7BE1E700EF5C6F /* GolfDistanceTracker.app */ = {isa = PBXFileReference; explicitFileType = wrapper.application; includeInIndex = 0; path = GolfDistanceTracker.app; sourceTree = BUILT_PRODUCTS_DIR; };
		74AE46BB2A7BE1E700EF5C6F /* GolfDistanceTrackerApp.swift */ = {isa = PBXFileReference; lastKnownFileType = sourcecode.swift; path = GolfDistanceTrackerApp.swift; sourceTree = "<group>"; };
		74AE46BD2A7BE1E700EF5C6F /* ContentView.swift */ = {isa = PBXFileReference; lastKnownFileType = sourcecode.swift; path = ContentView.swift; sourceTree = "<group>"; };
		74AE46BF2A7BE1E800EF5C6F /* Assets.xcassets */ = {isa = PBXFileReference; lastKnownFileType = folder.assetcatalog; path = Assets.xcassets; sourceTree = "<group>"; };
		74AE46C22A7BE1E800EF5C6F /* Preview Assets.xcassets */ = {isa = PBXFileReference; lastKnownFileType = folder.assetcatalog; path = "Preview Assets.xcassets"; sourceTree = "<group>"; };
		74AE46C92A7BE6DA00EF5C6F /* ClubDetailsView.swift */ = {isa = PBXFileReference; lastKnownFileType = sourcecode.swift; path = ClubDetailsView.swift; sourceTree = "<group>"; };
		74CFCDA32C0A364400BF1454 /* AddClubView.swift */ = {isa = PBXFileReference; lastKnownFileType = sourcecode.swift; path = AddClubView.swift; sourceTree = "<group>"; };
		74F58C722B7844EC00BE9FF5 /* Tip.swift */ = {isa = PBXFileReference; lastKnownFileType = sourcecode.swift; path = Tip.swift; sourceTree = "<group>"; };
/* End PBXFileReference section */

/* Begin PBXFrameworksBuildPhase section */
		74AE46B52A7BE1E700EF5C6F /* Frameworks */ = {
			isa = PBXFrameworksBuildPhase;
			buildActionMask = 2147483647;
			files = (
			);
			runOnlyForDeploymentPostprocessing = 0;
		};
/* End PBXFrameworksBuildPhase section */

/* Begin PBXGroup section */
		743553E02A81ABFF00A6D332 /* Model */ = {
			isa = PBXGroup;
			children = (
				749DB7792A9E85B00057A4A8 /* DataNetworkManager.swift */,
			);
			path = Model;
			sourceTree = "<group>";
		};
		744C9AB32A7D6B7100E31EB7 /* Views */ = {
			isa = PBXGroup;
			children = (
				74AE46BD2A7BE1E700EF5C6F /* ContentView.swift */,
				74CFCDA32C0A364400BF1454 /* AddClubView.swift */,
				74AE46C92A7BE6DA00EF5C6F /* ClubDetailsView.swift */,
				744C9AB82A7D8F1700E31EB7 /* ClubDistanceRowView.swift */,
				74AD56B72B954AAC00028B54 /* CarryDistanceGaugeView.swift */,
			);
			path = Views;
			sourceTree = "<group>";
		};
		744C9ABC2A7DBD9400E31EB7 /* Extensions */ = {
			isa = PBXGroup;
			children = (
				744C9ABA2A7DBC7F00E31EB7 /* ColorExtension.swift */,
			);
			path = Extensions;
			sourceTree = "<group>";
		};
		74935C882B3F708E00F5F031 /* ViewModel */ = {
			isa = PBXGroup;
			children = (
				74935C862B3F63C100F5F031 /* ClubDetailManager.swift */,
			);
			path = ViewModel;
			sourceTree = "<group>";
		};
		749D0CDD2A87EDF700F1E4F5 /* Core Data */ = {
			isa = PBXGroup;
			children = (
				744C9AC42A80628500E31EB7 /* DataController.swift */,
			);
			path = "Core Data";
			sourceTree = "<group>";
		};
		749DB7762A9E85640057A4A8 /* Data */ = {
			isa = PBXGroup;
			children = (
				749DB7742A9E81F40057A4A8 /* preLoadedData.json */,
			);
			path = Data;
			sourceTree = "<group>";
		};
		74AE46AF2A7BE1E700EF5C6F = {
			isa = PBXGroup;
			children = (
				74AE46BA2A7BE1E700EF5C6F /* GolfDistanceTracker */,
				74AE46B92A7BE1E700EF5C6F /* Products */,
			);
			sourceTree = "<group>";
		};
		74AE46B92A7BE1E700EF5C6F /* Products */ = {
			isa = PBXGroup;
			children = (
				74AE46B82A7BE1E700EF5C6F /* GolfDistanceTracker.app */,
			);
			name = Products;
			sourceTree = "<group>";
		};
		74AE46BA2A7BE1E700EF5C6F /* GolfDistanceTracker */ = {
			isa = PBXGroup;
			children = (
				74AE46BB2A7BE1E700EF5C6F /* GolfDistanceTrackerApp.swift */,
				744C9AC62A80872E00E31EB7 /* Golf_Distance_Tracker.xcdatamodeld */,
				74F58C742B7844F400BE9FF5 /* Utilities */,
				744C9ABC2A7DBD9400E31EB7 /* Extensions */,
				749DB7762A9E85640057A4A8 /* Data */,
				749D0CDD2A87EDF700F1E4F5 /* Core Data */,
				74935C882B3F708E00F5F031 /* ViewModel */,
				743553E02A81ABFF00A6D332 /* Model */,
				744C9AB32A7D6B7100E31EB7 /* Views */,
				74AE46BF2A7BE1E800EF5C6F /* Assets.xcassets */,
				74AE46C12A7BE1E800EF5C6F /* Preview Content */,
			);
			path = GolfDistanceTracker;
			sourceTree = "<group>";
		};
		74AE46C12A7BE1E800EF5C6F /* Preview Content */ = {
			isa = PBXGroup;
			children = (
				74AE46C22A7BE1E800EF5C6F /* Preview Assets.xcassets */,
			);
			path = "Preview Content";
			sourceTree = "<group>";
		};
		74F58C742B7844F400BE9FF5 /* Utilities */ = {
			isa = PBXGroup;
			children = (
				74F58C722B7844EC00BE9FF5 /* Tip.swift */,
			);
			path = Utilities;
			sourceTree = "<group>";
		};
/* End PBXGroup section */

/* Begin PBXNativeTarget section */
		74AE46B72A7BE1E700EF5C6F /* GolfDistanceTracker */ = {
			isa = PBXNativeTarget;
			buildConfigurationList = 74AE46C62A7BE1E800EF5C6F /* Build configuration list for PBXNativeTarget "GolfDistanceTracker" */;
			buildPhases = (
				74AE46B42A7BE1E700EF5C6F /* Sources */,
				74AE46B52A7BE1E700EF5C6F /* Frameworks */,
				74AE46B62A7BE1E700EF5C6F /* Resources */,
			);
			buildRules = (
			);
			dependencies = (
			);
			name = GolfDistanceTracker;
			productName = GolfDistanceTracker;
			productReference = 74AE46B82A7BE1E700EF5C6F /* GolfDistanceTracker.app */;
			productType = "com.apple.product-type.application";
		};
/* End PBXNativeTarget section */

/* Begin PBXProject section */
		74AE46B02A7BE1E700EF5C6F /* Project object */ = {
			isa = PBXProject;
			attributes = {
				BuildIndependentTargetsInParallel = 1;
				LastSwiftUpdateCheck = 1430;
				LastUpgradeCheck = 1430;
				TargetAttributes = {
					74AE46B72A7BE1E700EF5C6F = {
						CreatedOnToolsVersion = 14.3.1;
					};
				};
			};
			buildConfigurationList = 74AE46B32A7BE1E700EF5C6F /* Build configuration list for PBXProject "GolfDistanceTracker" */;
			compatibilityVersion = "Xcode 14.0";
			developmentRegion = en;
			hasScannedForEncodings = 0;
			knownRegions = (
				en,
				Base,
			);
			mainGroup = 74AE46AF2A7BE1E700EF5C6F;
			productRefGroup = 74AE46B92A7BE1E700EF5C6F /* Products */;
			projectDirPath = "";
			projectRoot = "";
			targets = (
				74AE46B72A7BE1E700EF5C6F /* GolfDistanceTracker */,
			);
		};
/* End PBXProject section */

/* Begin PBXResourcesBuildPhase section */
		74AE46B62A7BE1E700EF5C6F /* Resources */ = {
			isa = PBXResourcesBuildPhase;
			buildActionMask = 2147483647;
			files = (
				749DB7752A9E81F40057A4A8 /* preLoadedData.json in Resources */,
				74AE46C32A7BE1E800EF5C6F /* Preview Assets.xcassets in Resources */,
				74AE46C02A7BE1E800EF5C6F /* Assets.xcassets in Resources */,
			);
			runOnlyForDeploymentPostprocessing = 0;
		};
/* End PBXResourcesBuildPhase section */

/* Begin PBXSourcesBuildPhase section */
		74AE46B42A7BE1E700EF5C6F /* Sources */ = {
			isa = PBXSourcesBuildPhase;
			buildActionMask = 2147483647;
			files = (
				74935C872B3F63C100F5F031 /* ClubDetailManager.swift in Sources */,
				744C9AC52A80628500E31EB7 /* DataController.swift in Sources */,
				744C9AB92A7D8F1700E31EB7 /* ClubDistanceRowView.swift in Sources */,
				74AE46CA2A7BE6DA00EF5C6F /* ClubDetailsView.swift in Sources */,
				744C9AC82A80872E00E31EB7 /* Golf_Distance_Tracker.xcdatamodeld in Sources */,
				74AE46BE2A7BE1E700EF5C6F /* ContentView.swift in Sources */,
				749DB77A2A9E85B00057A4A8 /* DataNetworkManager.swift in Sources */,
				74F58C732B7844EC00BE9FF5 /* Tip.swift in Sources */,
				74AE46BC2A7BE1E700EF5C6F /* GolfDistanceTrackerApp.swift in Sources */,
				74AD56B82B954AAC00028B54 /* CarryDistanceGaugeView.swift in Sources */,
				74CFCDA42C0A364400BF1454 /* AddClubView.swift in Sources */,
				744C9ABB2A7DBC7F00E31EB7 /* ColorExtension.swift in Sources */,
			);
			runOnlyForDeploymentPostprocessing = 0;
		};
/* End PBXSourcesBuildPhase section */

/* Begin XCBuildConfiguration section */
		74AE46C42A7BE1E800EF5C6F /* Debug */ = {
			isa = XCBuildConfiguration;
			buildSettings = {
				ALWAYS_SEARCH_USER_PATHS = NO;
				CLANG_ANALYZER_NONNULL = YES;
				CLANG_ANALYZER_NUMBER_OBJECT_CONVERSION = YES_AGGRESSIVE;
				CLANG_CXX_LANGUAGE_STANDARD = "gnu++20";
				CLANG_ENABLE_MODULES = YES;
				CLANG_ENABLE_OBJC_ARC = YES;
				CLANG_ENABLE_OBJC_WEAK = YES;
				CLANG_WARN_BLOCK_CAPTURE_AUTORELEASING = YES;
				CLANG_WARN_BOOL_CONVERSION = YES;
				CLANG_WARN_COMMA = YES;
				CLANG_WARN_CONSTANT_CONVERSION = YES;
				CLANG_WARN_DEPRECATED_OBJC_IMPLEMENTATIONS = YES;
				CLANG_WARN_DIRECT_OBJC_ISA_USAGE = YES_ERROR;
				CLANG_WARN_DOCUMENTATION_COMMENTS = YES;
				CLANG_WARN_EMPTY_BODY = YES;
				CLANG_WARN_ENUM_CONVERSION = YES;
				CLANG_WARN_INFINITE_RECURSION = YES;
				CLANG_WARN_INT_CONVERSION = YES;
				CLANG_WARN_NON_LITERAL_NULL_CONVERSION = YES;
				CLANG_WARN_OBJC_IMPLICIT_RETAIN_SELF = YES;
				CLANG_WARN_OBJC_LITERAL_CONVERSION = YES;
				CLANG_WARN_OBJC_ROOT_CLASS = YES_ERROR;
				CLANG_WARN_QUOTED_INCLUDE_IN_FRAMEWORK_HEADER = YES;
				CLANG_WARN_RANGE_LOOP_ANALYSIS = YES;
				CLANG_WARN_STRICT_PROTOTYPES = YES;
				CLANG_WARN_SUSPICIOUS_MOVE = YES;
				CLANG_WARN_UNGUARDED_AVAILABILITY = YES_AGGRESSIVE;
				CLANG_WARN_UNREACHABLE_CODE = YES;
				CLANG_WARN__DUPLICATE_METHOD_MATCH = YES;
				COPY_PHASE_STRIP = NO;
				DEBUG_INFORMATION_FORMAT = dwarf;
				ENABLE_STRICT_OBJC_MSGSEND = YES;
				ENABLE_TESTABILITY = YES;
				GCC_C_LANGUAGE_STANDARD = gnu11;
				GCC_DYNAMIC_NO_PIC = NO;
				GCC_NO_COMMON_BLOCKS = YES;
				GCC_OPTIMIZATION_LEVEL = 0;
				GCC_PREPROCESSOR_DEFINITIONS = (
					"DEBUG=1",
					"$(inherited)",
				);
				GCC_WARN_64_TO_32_BIT_CONVERSION = YES;
				GCC_WARN_ABOUT_RETURN_TYPE = YES_ERROR;
				GCC_WARN_UNDECLARED_SELECTOR = YES;
				GCC_WARN_UNINITIALIZED_AUTOS = YES_AGGRESSIVE;
				GCC_WARN_UNUSED_FUNCTION = YES;
				GCC_WARN_UNUSED_VARIABLE = YES;
				IPHONEOS_DEPLOYMENT_TARGET = 17.0;
				MTL_ENABLE_DEBUG_INFO = INCLUDE_SOURCE;
				MTL_FAST_MATH = YES;
				ONLY_ACTIVE_ARCH = YES;
				SDKROOT = iphoneos;
				SWIFT_ACTIVE_COMPILATION_CONDITIONS = DEBUG;
				SWIFT_OPTIMIZATION_LEVEL = "-Onone";
			};
			name = Debug;
		};
		74AE46C52A7BE1E800EF5C6F /* Release */ = {
			isa = XCBuildConfiguration;
			buildSettings = {
				ALWAYS_SEARCH_USER_PATHS = NO;
				CLANG_ANALYZER_NONNULL = YES;
				CLANG_ANALYZER_NUMBER_OBJECT_CONVERSION = YES_AGGRESSIVE;
				CLANG_CXX_LANGUAGE_STANDARD = "gnu++20";
				CLANG_ENABLE_MODULES = YES;
				CLANG_ENABLE_OBJC_ARC = YES;
				CLANG_ENABLE_OBJC_WEAK = YES;
				CLANG_WARN_BLOCK_CAPTURE_AUTORELEASING = YES;
				CLANG_WARN_BOOL_CONVERSION = YES;
				CLANG_WARN_COMMA = YES;
				CLANG_WARN_CONSTANT_CONVERSION = YES;
				CLANG_WARN_DEPRECATED_OBJC_IMPLEMENTATIONS = YES;
				CLANG_WARN_DIRECT_OBJC_ISA_USAGE = YES_ERROR;
				CLANG_WARN_DOCUMENTATION_COMMENTS = YES;
				CLANG_WARN_EMPTY_BODY = YES;
				CLANG_WARN_ENUM_CONVERSION = YES;
				CLANG_WARN_INFINITE_RECURSION = YES;
				CLANG_WARN_INT_CONVERSION = YES;
				CLANG_WARN_NON_LITERAL_NULL_CONVERSION = YES;
				CLANG_WARN_OBJC_IMPLICIT_RETAIN_SELF = YES;
				CLANG_WARN_OBJC_LITERAL_CONVERSION = YES;
				CLANG_WARN_OBJC_ROOT_CLASS = YES_ERROR;
				CLANG_WARN_QUOTED_INCLUDE_IN_FRAMEWORK_HEADER = YES;
				CLANG_WARN_RANGE_LOOP_ANALYSIS = YES;
				CLANG_WARN_STRICT_PROTOTYPES = YES;
				CLANG_WARN_SUSPICIOUS_MOVE = YES;
				CLANG_WARN_UNGUARDED_AVAILABILITY = YES_AGGRESSIVE;
				CLANG_WARN_UNREACHABLE_CODE = YES;
				CLANG_WARN__DUPLICATE_METHOD_MATCH = YES;
				COPY_PHASE_STRIP = NO;
				DEBUG_INFORMATION_FORMAT = "dwarf-with-dsym";
				ENABLE_NS_ASSERTIONS = NO;
				ENABLE_STRICT_OBJC_MSGSEND = YES;
				GCC_C_LANGUAGE_STANDARD = gnu11;
				GCC_NO_COMMON_BLOCKS = YES;
				GCC_WARN_64_TO_32_BIT_CONVERSION = YES;
				GCC_WARN_ABOUT_RETURN_TYPE = YES_ERROR;
				GCC_WARN_UNDECLARED_SELECTOR = YES;
				GCC_WARN_UNINITIALIZED_AUTOS = YES_AGGRESSIVE;
				GCC_WARN_UNUSED_FUNCTION = YES;
				GCC_WARN_UNUSED_VARIABLE = YES;
				IPHONEOS_DEPLOYMENT_TARGET = 17.0;
				MTL_ENABLE_DEBUG_INFO = NO;
				MTL_FAST_MATH = YES;
				SDKROOT = iphoneos;
				SWIFT_COMPILATION_MODE = wholemodule;
				SWIFT_OPTIMIZATION_LEVEL = "-O";
				VALIDATE_PRODUCT = YES;
			};
			name = Release;
		};
		74AE46C72A7BE1E800EF5C6F /* Debug */ = {
			isa = XCBuildConfiguration;
			buildSettings = {
				ASSETCATALOG_COMPILER_APPICON_NAME = AppIcon;
				ASSETCATALOG_COMPILER_GLOBAL_ACCENT_COLOR_NAME = AccentColor;
				CODE_SIGN_STYLE = Automatic;
				CURRENT_PROJECT_VERSION = 3;
				DEVELOPMENT_ASSET_PATHS = "\"GolfDistanceTracker/Preview Content\"";
				DEVELOPMENT_TEAM = 95Y447U3W5;
				ENABLE_PREVIEWS = YES;
				GENERATE_INFOPLIST_FILE = YES;
				INFOPLIST_KEY_UIApplicationSceneManifest_Generation = YES;
				INFOPLIST_KEY_UIApplicationSupportsIndirectInputEvents = YES;
				INFOPLIST_KEY_UILaunchScreen_Generation = YES;
				INFOPLIST_KEY_UISupportedInterfaceOrientations_iPad = "UIInterfaceOrientationPortrait UIInterfaceOrientationPortraitUpsideDown UIInterfaceOrientationLandscapeLeft UIInterfaceOrientationLandscapeRight";
				INFOPLIST_KEY_UISupportedInterfaceOrientations_iPhone = "UIInterfaceOrientationPortrait UIInterfaceOrientationLandscapeLeft UIInterfaceOrientationLandscapeRight";
				IPHONEOS_DEPLOYMENT_TARGET = 17.0;
				LD_RUNPATH_SEARCH_PATHS = (
					"$(inherited)",
					"@executable_path/Frameworks",
				);
				MARKETING_VERSION = 1.0;
				PRODUCT_BUNDLE_IDENTIFIER = com.kevinjeon.GolfDistanceTracker;
				PRODUCT_NAME = "$(TARGET_NAME)";
				SUPPORTED_PLATFORMS = "iphoneos iphonesimulator";
				SUPPORTS_MACCATALYST = NO;
				SUPPORTS_MAC_DESIGNED_FOR_IPHONE_IPAD = NO;
				SUPPORTS_XR_DESIGNED_FOR_IPHONE_IPAD = NO;
				SWIFT_EMIT_LOC_STRINGS = YES;
				SWIFT_VERSION = 5.0;
				TARGETED_DEVICE_FAMILY = 1;
			};
			name = Debug;
		};
		74AE46C82A7BE1E800EF5C6F /* Release */ = {
			isa = XCBuildConfiguration;
			buildSettings = {
				ASSETCATALOG_COMPILER_APPICON_NAME = AppIcon;
				ASSETCATALOG_COMPILER_GLOBAL_ACCENT_COLOR_NAME = AccentColor;
				CODE_SIGN_STYLE = Automatic;
				CURRENT_PROJECT_VERSION = 3;
				DEVELOPMENT_ASSET_PATHS = "\"GolfDistanceTracker/Preview Content\"";
				DEVELOPMENT_TEAM = 95Y447U3W5;
				ENABLE_PREVIEWS = YES;
				GENERATE_INFOPLIST_FILE = YES;
				INFOPLIST_KEY_UIApplicationSceneManifest_Generation = YES;
				INFOPLIST_KEY_UIApplicationSupportsIndirectInputEvents = YES;
				INFOPLIST_KEY_UILaunchScreen_Generation = YES;
				INFOPLIST_KEY_UISupportedInterfaceOrientations_iPad = "UIInterfaceOrientationPortrait UIInterfaceOrientationPortraitUpsideDown UIInterfaceOrientationLandscapeLeft UIInterfaceOrientationLandscapeRight";
				INFOPLIST_KEY_UISupportedInterfaceOrientations_iPhone = "UIInterfaceOrientationPortrait UIInterfaceOrientationLandscapeLeft UIInterfaceOrientationLandscapeRight";
				IPHONEOS_DEPLOYMENT_TARGET = 17.0;
				LD_RUNPATH_SEARCH_PATHS = (
					"$(inherited)",
					"@executable_path/Frameworks",
				);
				MARKETING_VERSION = 1.0;
				PRODUCT_BUNDLE_IDENTIFIER = com.kevinjeon.GolfDistanceTracker;
				PRODUCT_NAME = "$(TARGET_NAME)";
				SUPPORTED_PLATFORMS = "iphoneos iphonesimulator";
				SUPPORTS_MACCATALYST = NO;
				SUPPORTS_MAC_DESIGNED_FOR_IPHONE_IPAD = NO;
				SUPPORTS_XR_DESIGNED_FOR_IPHONE_IPAD = NO;
				SWIFT_EMIT_LOC_STRINGS = YES;
				SWIFT_VERSION = 5.0;
				TARGETED_DEVICE_FAMILY = 1;
			};
			name = Release;
		};
/* End XCBuildConfiguration section */

/* Begin XCConfigurationList section */
		74AE46B32A7BE1E700EF5C6F /* Build configuration list for PBXProject "GolfDistanceTracker" */ = {
			isa = XCConfigurationList;
			buildConfigurations = (
				74AE46C42A7BE1E800EF5C6F /* Debug */,
				74AE46C52A7BE1E800EF5C6F /* Release */,
			);
			defaultConfigurationIsVisible = 0;
			defaultConfigurationName = Release;
		};
		74AE46C62A7BE1E800EF5C6F /* Build configuration list for PBXNativeTarget "GolfDistanceTracker" */ = {
			isa = XCConfigurationList;
			buildConfigurations = (
				74AE46C72A7BE1E800EF5C6F /* Debug */,
				74AE46C82A7BE1E800EF5C6F /* Release */,
			);
			defaultConfigurationIsVisible = 0;
			defaultConfigurationName = Release;
		};
/* End XCConfigurationList section */

/* Begin XCVersionGroup section */
		744C9AC62A80872E00E31EB7 /* Golf_Distance_Tracker.xcdatamodeld */ = {
			isa = XCVersionGroup;
			children = (
				744C9AC72A80872E00E31EB7 /* Golf_Distance_Tracker.xcdatamodel */,
			);
			currentVersion = 744C9AC72A80872E00E31EB7 /* Golf_Distance_Tracker.xcdatamodel */;
			path = Golf_Distance_Tracker.xcdatamodeld;
			sourceTree = "<group>";
			versionGroupType = wrapper.xcdatamodel;
		};
/* End XCVersionGroup section */
	};
	rootObject = 74AE46B02A7BE1E700EF5C6F /* Project object */;
}
